<?xml version="1.0" encoding="utf-8"?>
<Project ToolsVersion="4.0" xmlns="http://schemas.microsoft.com/developer/msbuild/2003">
  <ItemGroup>
    <Filter Include="Source Files">
      <UniqueIdentifier>{4FC737F1-C7A5-4376-A066-2A32D752A2FF}</UniqueIdentifier>
      <Extensions>cpp;c;cc;cxx;def;odl;idl;hpj;bat;asm;asmx</Extensions>
    </Filter>
    <Filter Include="Header Files">
      <UniqueIdentifier>{93995380-89BD-4b04-88EB-625FBE52EBFB}</UniqueIdentifier>
      <Extensions>h;hh;hpp;hxx;hm;inl;inc;xsd</Extensions>
    </Filter>
    <Filter Include="Resource Files">
      <UniqueIdentifier>{67DA6AB6-F800-4c08-8B7A-83BB121AAD01}</UniqueIdentifier>
      <Extensions>rc;ico;cur;bmp;dlg;rc2;rct;bin;rgs;gif;jpg;jpeg;jpe;resx;tiff;tif;png;wav;mfcribbon-ms</Extensions>
    </Filter>
    <Filter Include="Header Files\Serialization">
      <UniqueIdentifier>{7809aede-f21d-4741-829c-94394035c84a}</UniqueIdentifier>
    </Filter>
    <Filter Include="Header Files\Stream filters">
      <UniqueIdentifier>{23b3af5d-f952-4ac9-9b60-d589027d5e25}</UniqueIdentifier>
    </Filter>
    <Filter Include="Source Files\Serialization">
      <UniqueIdentifier>{6abb936f-252d-4214-8687-ed9fe2edb085}</UniqueIdentifier>
    </Filter>
    <Filter Include="Source Files\Stream filters">
      <UniqueIdentifier>{054e4e3c-9a2e-44f5-b661-82f7c8cc44d6}</UniqueIdentifier>
    </Filter>
    <Filter Include="Header Files\Serialization\External">
      <UniqueIdentifier>{cc8d68bf-b607-423b-8867-bd10160cc77c}</UniqueIdentifier>
    </Filter>
    <Filter Include="Header Files\Serialization\Generated">
      <UniqueIdentifier>{a350b369-8d7b-4a3b-800f-1186f5171465}</UniqueIdentifier>
    </Filter>
    <Filter Include="Source Files\System">
      <UniqueIdentifier>{86a8f436-6d57-406a-aa04-72b0ef062e31}</UniqueIdentifier>
    </Filter>
    <Filter Include="Header Files\System">
      <UniqueIdentifier>{8544ef9e-9e08-4366-bca2-962e7d2bf2c6}</UniqueIdentifier>
    </Filter>
  </ItemGroup>
  <ItemGroup>
    <ClCompile Include="..\src\main.cpp">
      <Filter>Source Files</Filter>
    </ClCompile>
    <ClCompile Include="..\src\stdafx.cpp">
      <Filter>Source Files</Filter>
    </ClCompile>
    <ClCompile Include="..\src\BackupSystem.cpp">
      <Filter>Source Files</Filter>
    </ClCompile>
    <ClCompile Include="..\src\LineProcessor.cpp">
      <Filter>Source Files</Filter>
    </ClCompile>
    <ClCompile Include="..\src\serialization\Implementations.cpp">
      <Filter>Source Files\Serialization</Filter>
    </ClCompile>
    <ClCompile Include="..\src\LzmaFilter.cpp">
      <Filter>Source Files\Stream filters</Filter>
    </ClCompile>
    <ClCompile Include="..\src\HashFilter.cpp">
      <Filter>Source Files\Stream filters</Filter>
    </ClCompile>
    <ClCompile Include="..\src\BoundedStreamFilter.cpp">
      <Filter>Source Files\Stream filters</Filter>
    </ClCompile>
    <ClCompile Include="..\src\ArchiveIO.cpp">
      <Filter>Source Files</Filter>
    </ClCompile>
    <ClCompile Include="..\src\serialization\OpaqueTimestamp.cpp">
      <Filter>Source Files\Serialization</Filter>
    </ClCompile>
    <ClCompile Include="..\src\System\SystemOperations.cpp">
      <Filter>Source Files\System</Filter>
    </ClCompile>
    <ClCompile Include="..\src\Exception.cpp">
      <Filter>Source Files</Filter>
    </ClCompile>
    <ClCompile Include="..\src\System\Transactions.cpp">
      <Filter>Source Files\System</Filter>
    </ClCompile>
    <ClCompile Include="..\src\System\VSS.cpp">
      <Filter>Source Files\System</Filter>
    </ClCompile>
    <ClCompile Include="..\src\serialization\FileSystemObject.cpp">
      <Filter>Source Files\Serialization</Filter>
    </ClCompile>
    <ClCompile Include="..\src\serialization\BackupStream.cpp">
      <Filter>Source Files\Serialization</Filter>
    </ClCompile>
    <ClCompile Include="..\src\VersionForRestore.cpp">
      <Filter>Source Files</Filter>
    </ClCompile>
    <ClCompile Include="..\src\serialization\RsaKeyPair.cpp">
      <Filter>Source Files\Serialization</Filter>
    </ClCompile>
    <ClCompile Include="..\src\ComposingFilter.cpp">
      <Filter>Source Files</Filter>
    </ClCompile>
    <ClCompile Include="..\src\CryptoFilter.cpp">
      <Filter>Source Files</Filter>
    </ClCompile>
    <ClCompile Include="..\src\serialization\Inlining.cpp">
      <Filter>Source Files\Serialization</Filter>
    </ClCompile>
    <ClCompile Include="..\src\Globals.cpp">
      <Filter>Source Files</Filter>
    </ClCompile>
    <ClCompile Include="..\src\MemoryStream.cpp">
      <Filter>Source Files</Filter>
    </ClCompile>
    <ClCompile Include="..\src\Utility.cpp">
      <Filter>Source Files</Filter>
    </ClCompile>
    <ClCompile Include="..\src\System\Threads.cpp">
      <Filter>Source Files\System</Filter>
    </ClCompile>
    <ClCompile Include="..\src\ParallelStreams.cpp">
      <Filter>Source Files</Filter>
    </ClCompile>
    <ClCompile Include="..\src\StreamProcessor.cpp">
      <Filter>Source Files</Filter>
    </ClCompile>
  </ItemGroup>
  <ItemGroup>
    <ClInclude Include="..\src\stdafx.h">
      <Filter>Header Files</Filter>
    </ClInclude>
    <ClInclude Include="..\src\BackupSystem.h">
      <Filter>Header Files</Filter>
    </ClInclude>
    <ClInclude Include="..\src\LineProcessor.h">
      <Filter>Header Files</Filter>
    </ClInclude>
    <ClInclude Include="..\src\Utility.h">
      <Filter>Header Files</Filter>
    </ClInclude>
    <ClInclude Include="..\src\SimpleTypes.h">
      <Filter>Header Files</Filter>
    </ClInclude>
    <ClInclude Include="..\serialization\postsrc\DeserializerStream.h">
      <Filter>Header Files\Serialization\External</Filter>
    </ClInclude>
    <ClInclude Include="..\serialization\postsrc\Serializable.h">
      <Filter>Header Files\Serialization\External</Filter>
    </ClInclude>
    <ClInclude Include="..\serialization\postsrc\serialization_utils.h">
      <Filter>Header Files\Serialization\External</Filter>
    </ClInclude>
    <ClInclude Include="..\serialization\postsrc\SerializerStream.h">
      <Filter>Header Files\Serialization\External</Filter>
    </ClInclude>
    <ClInclude Include="..\src\serialization\DirectoryFso.h">
      <Filter>Header Files\Serialization</Filter>
    </ClInclude>
    <ClInclude Include="..\src\serialization\DirectoryishFso.h">
      <Filter>Header Files\Serialization</Filter>
    </ClInclude>
    <ClInclude Include="..\src\serialization\DirectorySymlinkFso.h">
      <Filter>Header Files\Serialization</Filter>
    </ClInclude>
    <ClInclude Include="..\src\serialization\FileHardlinkFso.h">
      <Filter>Header Files\Serialization</Filter>
    </ClInclude>
    <ClInclude Include="..\src\serialization\FileReparsePointFso.h">
      <Filter>Header Files\Serialization</Filter>
    </ClInclude>
    <ClInclude Include="..\src\serialization\FileSymlinkFso.h">
      <Filter>Header Files\Serialization</Filter>
    </ClInclude>
    <ClInclude Include="..\src\serialization\FileSystemObject.h">
      <Filter>Header Files\Serialization</Filter>
    </ClInclude>
    <ClInclude Include="..\src\serialization\FilishFso.h">
      <Filter>Header Files\Serialization</Filter>
    </ClInclude>
    <ClInclude Include="..\src\serialization\JunctionFso.h">
      <Filter>Header Files\Serialization</Filter>
    </ClInclude>
    <ClInclude Include="..\src\serialization\RegularFileFso.h">
      <Filter>Header Files\Serialization</Filter>
    </ClInclude>
    <ClInclude Include="..\src\serialization\fso.generated.h">
      <Filter>Header Files\Serialization\Generated</Filter>
    </ClInclude>
    <ClInclude Include="..\src\LzmaFilter.h">
      <Filter>Header Files\Stream filters</Filter>
    </ClInclude>
    <ClInclude Include="..\src\Filters.h">
      <Filter>Header Files\Stream filters</Filter>
    </ClInclude>
    <ClInclude Include="..\src\HashFilter.h">
      <Filter>Header Files\Stream filters</Filter>
    </ClInclude>
    <ClInclude Include="..\src\ProgressFilter.h">
      <Filter>Header Files\Stream filters</Filter>
    </ClInclude>
    <ClInclude Include="..\src\BoundedStreamFilter.h">
      <Filter>Header Files\Stream filters</Filter>
    </ClInclude>
    <ClInclude Include="..\src\ArchiveIO.h">
      <Filter>Header Files</Filter>
    </ClInclude>
    <ClInclude Include="..\src\serialization\OpaqueTimestamp.h">
      <Filter>Header Files\Serialization</Filter>
    </ClInclude>
    <ClInclude Include="..\src\System\SystemOperations.h">
      <Filter>Header Files\System</Filter>
    </ClInclude>
    <ClInclude Include="..\src\Exception.h">
      <Filter>Header Files</Filter>
    </ClInclude>
    <ClInclude Include="..\src\System\Transactions.h">
      <Filter>Header Files\System</Filter>
    </ClInclude>
    <ClInclude Include="..\src\System\VSS.h">
      <Filter>Header Files\System</Filter>
    </ClInclude>
    <ClInclude Include="..\src\serialization\fso.aux.h">
      <Filter>Header Files\Serialization</Filter>
    </ClInclude>
    <ClInclude Include="..\src\serialization\BackupStream.h">
      <Filter>Header Files\Serialization</Filter>
    </ClInclude>
    <ClInclude Include="..\src\serialization\FullStream.h">
      <Filter>Header Files\Serialization</Filter>
    </ClInclude>
    <ClInclude Include="..\src\serialization\UnmodifiedStream.h">
      <Filter>Header Files\Serialization</Filter>
    </ClInclude>
    <ClInclude Include="..\src\serialization\ArchiveMetadata.h">
      <Filter>Header Files\Serialization</Filter>
    </ClInclude>
    <ClInclude Include="..\src\serialization\VersionManifest.h">
      <Filter>Header Files\Serialization</Filter>
    </ClInclude>
    <ClInclude Include="..\src\serialization\Guid.h">
      <Filter>Header Files\Serialization</Filter>
    </ClInclude>
    <ClInclude Include="..\src\serialization\Sha256Digest.h">
      <Filter>Header Files\Serialization</Filter>
    </ClInclude>
    <ClInclude Include="..\src\AutoHandle.h">
      <Filter>Header Files\Serialization</Filter>
    </ClInclude>
    <ClInclude Include="..\src\NullStream.h">
      <Filter>Header Files</Filter>
    </ClInclude>
    <ClInclude Include="..\src\VersionForRestore.h">
      <Filter>Header Files</Filter>
    </ClInclude>
    <ClInclude Include="..\src\serialization\ImplementedDS.h">
      <Filter>Header Files\Serialization</Filter>
    </ClInclude>
    <ClInclude Include="..\src\serialization\RsaKeyPair.h">
      <Filter>Header Files\Serialization</Filter>
    </ClInclude>
    <ClInclude Include="..\src\ComposingFilter.h">
      <Filter>Header Files</Filter>
    </ClInclude>
    <ClInclude Include="..\src\CryptoFilter.h">
      <Filter>Header Files</Filter>
    </ClInclude>
    <ClInclude Include="..\src\Globals.h">
      <Filter>Header Files</Filter>
    </ClInclude>
    <ClInclude Include="..\src\MemoryStream.h">
      <Filter>Header Files</Filter>
    </ClInclude>
    <ClInclude Include="..\src\System\Threads.h">
      <Filter>Header Files\System</Filter>
    </ClInclude>
    <ClInclude Include="..\src\ParallelStreams.h">
      <Filter>Header Files</Filter>
    </ClInclude>
    <ClInclude Include="..\src\StreamProcessor.h">
      <Filter>Header Files</Filter>
    </ClInclude>
  </ItemGroup>
  <ItemGroup>
    <CustomBuild Include="..\src\serialization\fso.txt">
      <Filter>Source Files</Filter>
    </CustomBuild>
  </ItemGroup>
</Project>