<?xml version="1.0" encoding="utf-8"?>
<Project ToolsVersion="4.0" xmlns="http://schemas.microsoft.com/developer/msbuild/2003">
  <ItemGroup>
    <Filter Include="Source Files">
      <UniqueIdentifier>{4FC737F1-C7A5-4376-A066-2A32D752A2FF}</UniqueIdentifier>
      <Extensions>cpp;c;cc;cxx;def;odl;idl;hpj;bat;asm;asmx</Extensions>
    </Filter>
    <Filter Include="Header Files">
      <UniqueIdentifier>{93995380-89BD-4b04-88EB-625FBE52EBFB}</UniqueIdentifier>
      <Extensions>h;hh;hpp;hxx;hm;inl;inc;xsd</Extensions>
    </Filter>
    <Filter Include="Resource Files">
      <UniqueIdentifier>{67DA6AB6-F800-4c08-8B7A-83BB121AAD01}</UniqueIdentifier>
      <Extensions>rc;ico;cur;bmp;dlg;rc2;rct;bin;rgs;gif;jpg;jpeg;jpe;resx;tiff;tif;png;wav;mfcribbon-ms</Extensions>
    </Filter>
    <Filter Include="Header Files\Serialization">
      <UniqueIdentifier>{7809aede-f21d-4741-829c-94394035c84a}</UniqueIdentifier>
    </Filter>
    <Filter Include="Header Files\Stream filters">
      <UniqueIdentifier>{23b3af5d-f952-4ac9-9b60-d589027d5e25}</UniqueIdentifier>
    </Filter>
    <Filter Include="Source Files\Serialization">
      <UniqueIdentifier>{6abb936f-252d-4214-8687-ed9fe2edb085}</UniqueIdentifier>
    </Filter>
    <Filter Include="Source Files\Stream filters">
      <UniqueIdentifier>{054e4e3c-9a2e-44f5-b661-82f7c8cc44d6}</UniqueIdentifier>
    </Filter>
    <Filter Include="Source Files\Serialization\External">
      <UniqueIdentifier>{111ca70a-fd03-4224-8dbf-5dc36cf37084}</UniqueIdentifier>
    </Filter>
    <Filter Include="Source Files\Serialization\Generated">
      <UniqueIdentifier>{a295dfcd-90ed-49f3-9396-7eb99f19f050}</UniqueIdentifier>
    </Filter>
    <Filter Include="Header Files\Serialization\External">
      <UniqueIdentifier>{cc8d68bf-b607-423b-8867-bd10160cc77c}</UniqueIdentifier>
    </Filter>
    <Filter Include="Header Files\Serialization\Generated">
      <UniqueIdentifier>{a350b369-8d7b-4a3b-800f-1186f5171465}</UniqueIdentifier>
    </Filter>
  </ItemGroup>
  <ItemGroup>
    <ClCompile Include="..\src\main.cpp">
      <Filter>Source Files</Filter>
    </ClCompile>
    <ClCompile Include="..\src\stdafx.cpp">
      <Filter>Source Files</Filter>
    </ClCompile>
    <ClCompile Include="..\src\BackupSystem.cpp">
      <Filter>Source Files</Filter>
    </ClCompile>
    <ClCompile Include="..\src\LineProcessor.cpp">
      <Filter>Source Files</Filter>
    </ClCompile>
    <ClCompile Include="..\src\ArchiveReader.cpp">
      <Filter>Source Files</Filter>
    </ClCompile>
    <ClCompile Include="..\src\serialization\fso.aux.generated.cpp">
      <Filter>Source Files\Serialization\Generated</Filter>
    </ClCompile>
    <ClCompile Include="..\src\serialization\fso.generated.cpp">
      <Filter>Source Files\Serialization\Generated</Filter>
    </ClCompile>
    <ClCompile Include="..\serialization\postsrc\DeserializerStream.cpp">
      <Filter>Source Files\Serialization\External</Filter>
    </ClCompile>
    <ClCompile Include="..\serialization\postsrc\Serializable.cpp">
      <Filter>Source Files\Serialization\External</Filter>
    </ClCompile>
    <ClCompile Include="..\serialization\postsrc\SerializerStream.cpp">
      <Filter>Source Files\Serialization\External</Filter>
    </ClCompile>
    <ClCompile Include="..\src\serialization\Implementations.cpp">
      <Filter>Source Files\Serialization</Filter>
    </ClCompile>
    <ClCompile Include="..\src\LzmaFilter.cpp">
      <Filter>Source Files\Stream filters</Filter>
    </ClCompile>
    <ClCompile Include="..\src\HashFilter.cpp">
      <Filter>Source Files\Stream filters</Filter>
    </ClCompile>
  </ItemGroup>
  <ItemGroup>
    <ClInclude Include="..\src\stdafx.h">
      <Filter>Header Files</Filter>
    </ClInclude>
    <ClInclude Include="..\src\BackupSystem.h">
      <Filter>Header Files</Filter>
    </ClInclude>
    <ClInclude Include="..\src\LineProcessor.h">
      <Filter>Header Files</Filter>
    </ClInclude>
    <ClInclude Include="..\src\Utility.h">
      <Filter>Header Files</Filter>
    </ClInclude>
    <ClInclude Include="..\src\SimpleTypes.h">
      <Filter>Header Files</Filter>
    </ClInclude>
    <ClInclude Include="..\src\ArchiveReader.h">
      <Filter>Header Files</Filter>
    </ClInclude>
    <ClInclude Include="..\src\Archive.h">
      <Filter>Header Files</Filter>
    </ClInclude>
    <ClInclude Include="..\serialization\postsrc\DeserializerStream.h">
      <Filter>Header Files\Serialization\External</Filter>
    </ClInclude>
    <ClInclude Include="..\serialization\postsrc\Serializable.h">
      <Filter>Header Files\Serialization\External</Filter>
    </ClInclude>
    <ClInclude Include="..\serialization\postsrc\serialization_utils.h">
      <Filter>Header Files\Serialization\External</Filter>
    </ClInclude>
    <ClInclude Include="..\serialization\postsrc\SerializerStream.h">
      <Filter>Header Files\Serialization\External</Filter>
    </ClInclude>
    <ClInclude Include="..\src\serialization\DirectoryFso.h">
      <Filter>Header Files\Serialization</Filter>
    </ClInclude>
    <ClInclude Include="..\src\serialization\DirectoryishFso.h">
      <Filter>Header Files\Serialization</Filter>
    </ClInclude>
    <ClInclude Include="..\src\serialization\DirectorySymlinkFso.h">
      <Filter>Header Files\Serialization</Filter>
    </ClInclude>
    <ClInclude Include="..\src\serialization\FileHardlinkFso.h">
      <Filter>Header Files\Serialization</Filter>
    </ClInclude>
    <ClInclude Include="..\src\serialization\FileReparsePointFso.h">
      <Filter>Header Files\Serialization</Filter>
    </ClInclude>
    <ClInclude Include="..\src\serialization\FileSymlinkFso.h">
      <Filter>Header Files\Serialization</Filter>
    </ClInclude>
    <ClInclude Include="..\src\serialization\FileSystemObject.h">
      <Filter>Header Files\Serialization</Filter>
    </ClInclude>
    <ClInclude Include="..\src\serialization\FilishFso.h">
      <Filter>Header Files\Serialization</Filter>
    </ClInclude>
    <ClInclude Include="..\src\serialization\JunctionFso.h">
      <Filter>Header Files\Serialization</Filter>
    </ClInclude>
    <ClInclude Include="..\src\serialization\RegularFileFso.h">
      <Filter>Header Files\Serialization</Filter>
    </ClInclude>
    <ClInclude Include="..\src\serialization\fso.generated.h">
      <Filter>Header Files\Serialization\Generated</Filter>
    </ClInclude>
    <ClInclude Include="..\src\LzmaFilter.h">
      <Filter>Header Files\Stream filters</Filter>
    </ClInclude>
    <ClInclude Include="..\src\Filters.h">
      <Filter>Header Files\Stream filters</Filter>
    </ClInclude>
    <ClInclude Include="..\src\HashFilter.h">
      <Filter>Header Files\Stream filters</Filter>
    </ClInclude>
  </ItemGroup>
</Project>